
Microsoft Visual Studio Solution File, Format Version 12.00
# Visual Studio Version 17
VisualStudioVersion = 17.1.32228.430
MinimumVisualStudioVersion = 10.0.40219.1
Project("{FAE04EC0-301F-11D3-BF4B-00C04F79EFBC}") = "Hello Word", "Hello Word\Hello Word.csproj", "{0DB14CDB-D1E8-4E07-B4FE-9283F470FD6E}"
EndProject
Global
	GlobalSection(SolutionConfigurationPlatforms) = preSolution
		Debug|Any CPU = Debug|Any CPU
		Release|Any CPU = Release|Any CPU
	EndGlobalSection
	GlobalSection(ProjectConfigurationPlatforms) = postSolution
		{0DB14CDB-D1E8-4E07-B4FE-9283F470FD6E}.Debug|Any CPU.ActiveCfg = Debug|Any CPU
		{0DB14CDB-D1E8-4E07-B4FE-9283F470FD6E}.Debug|Any CPU.Build.0 = Debug|Any CPU
		{0DB14CDB-D1E8-4E07-B4FE-9283F470FD6E}.Release|Any CPU.ActiveCfg = Release|Any CPU
		{0DB14CDB-D1E8-4E07-B4FE-9283F470FD6E}.Release|Any CPU.Build.0 = Release|Any CPU
	EndGlobalSection
	GlobalSection(SolutionProperties) = preSolution
		HideSolutionNode = FALSE
	EndGlobalSection
	GlobalSection(ExtensibilityGlobals) = postSolution
		SolutionGuid = {12E18A8D-BBFB-4B6E-BD1C-447F23370FBD}
	EndGlobalSection
EndGlobal
